
Microsoft Visual Studio Solution File, Format Version 12.00
# Visual Studio Version 17
VisualStudioVersion = 17.11.35312.102
MinimumVisualStudioVersion = 10.0.40219.1
Project("{FAE04EC0-301F-11D3-BF4B-00C04F79EFBC}") = "login_and_registiration2", "login_and_registiration2\login_and_registiration2.csproj", "{88E5CE23-5777-4ADB-80C7-24CBFF6AB490}"
EndProject
Global
	GlobalSection(SolutionConfigurationPlatforms) = preSolution
		Debug|Any CPU = Debug|Any CPU
		Release|Any CPU = Release|Any CPU
	EndGlobalSection
	GlobalSection(ProjectConfigurationPlatforms) = postSolution
		{88E5CE23-5777-4ADB-80C7-24CBFF6AB490}.Debug|Any CPU.ActiveCfg = Debug|Any CPU
		{88E5CE23-5777-4ADB-80C7-24CBFF6AB490}.Debug|Any CPU.Build.0 = Debug|Any CPU
		{88E5CE23-5777-4ADB-80C7-24CBFF6AB490}.Release|Any CPU.ActiveCfg = Release|Any CPU
		{88E5CE23-5777-4ADB-80C7-24CBFF6AB490}.Release|Any CPU.Build.0 = Release|Any CPU
	EndGlobalSection
	GlobalSection(SolutionProperties) = preSolution
		HideSolutionNode = FALSE
	EndGlobalSection
	GlobalSection(ExtensibilityGlobals) = postSolution
		SolutionGuid = {252F211A-11E9-427B-B64A-3686C5549E41}
	EndGlobalSection
EndGlobal
